version = 1
revision = 3
requires-python = "==3.13.*"

[[package]]
name = "certifi"
version = "2026.5.20"
source = { registry = "https://pypi.org/simple" }
sdist = { url = "https://files.pythonhosted.org/packages/f3/ce/ee2ecad540810a79593028e88299baeae54d346cc7a0d94b6199988b89b1/certifi-2026.5.20.tar.gz", hash = "sha256:69dea482ab64caa7b9f6aba1c6bf48bb6a5448d1c0f1b17ab42ad8c763a5344d", size = 135422, upload-time = "2026-05-20T11:46:50.073Z" }
wheels = [
    { url = "https://files.pythonhosted.org/packages/59/8c/57e832b7af6d7c5abe66eb3fbe3a3a32f4d11ea23a1aa7131371035be991/certifi-2026.5.20-py3-none-any.whl", hash = "sha256:3c52e209ba0a4ad7aebe60436a4ab349c39e1e602e8c134221e546902ad25897", size = 134134, upload-time = "2026-05-20T11:46:48.578Z" },
]

[[package]]
name = "charset-normalizer"
version = "2.1.1"
source = { registry = "https://pypi.org/simple" }
sdist = { url = "https://files.pythonhosted.org/packages/a1/34/44964211e5410b051e4b8d2869c470ae8a68ae274953b1c7de6d98bbcf94/charset-normalizer-2.1.1.tar.gz", hash = "sha256:5a3d016c7c547f69d6f81fb0db9449ce888b418b5b9952cc5e6e66843e9dd845", size = 82360, upload-time = "2022-08-19T22:13:48.372Z" }
wheels = [
    { url = "https://files.pythonhosted.org/packages/db/51/a507c856293ab05cdc1db77ff4bc1268ddd39f29e7dc4919aa497f0adbec/charset_normalizer-2.1.1-py3-none-any.whl", hash = "sha256:83e9a75d1911279afd89352c68b45348559d1fc0506b054b346651b5e7fee29f", size = 39748, upload-time = "2022-08-19T22:13:46.702Z" },
]

[[package]]
name = "colorama"
version = "0.4.6"
source = { registry = "https://pypi.org/simple" }
sdist = { url = "https://files.pythonhosted.org/packages/d8/53/6f443c9a4a8358a93a6792e2acffb9d9d5cb0a5cfd8802644b7b1c9a02e4/colorama-0.4.6.tar.gz", hash = "sha256:08695f5cb7ed6e0531a20572697297273c47b8cae5a63ffc6d6ed5c201be6e44", size = 27697, upload-time = "2022-10-25T02:36:22.414Z" }
wheels = [
    { url = "https://files.pythonhosted.org/packages/d1/d6/3965ed04c63042e047cb6a3e6ed1a63a35087b6a609aa3a15ed8ac56c221/colorama-0.4.6-py2.py3-none-any.whl", hash = "sha256:4f1d9991f5acc0ca119f9d443620b77f9d6b33703e51011c16baf57afb285fc6", size = 25335, upload-time = "2022-10-25T02:36:20.889Z" },
]

[[package]]
name = "deprecated"
version = "1.3.1"
source = { registry = "https://pypi.org/simple" }
dependencies = [
    { name = "wrapt" },
]
sdist = { url = "https://files.pythonhosted.org/packages/49/85/12f0a49a7c4ffb70572b6c2ef13c90c88fd190debda93b23f026b25f9634/deprecated-1.3.1.tar.gz", hash = "sha256:b1b50e0ff0c1fddaa5708a2c6b0a6588bb09b892825ab2b214ac9ea9d92a5223", size = 2932523, upload-time = "2025-10-30T08:19:02.757Z" }
wheels = [
    { url = "https://files.pythonhosted.org/packages/84/d0/205d54408c08b13550c733c4b85429e7ead111c7f0014309637425520a9a/deprecated-1.3.1-py2.py3-none-any.whl", hash = "sha256:597bfef186b6f60181535a29fbe44865ce137a5079f295b479886c82729d5f3f", size = 11298, upload-time = "2025-10-30T08:19:00.758Z" },
]

[[package]]
name = "freezegun"
version = "1.2.1"
source = { registry = "https://pypi.org/simple" }
dependencies = [
    { name = "python-dateutil" },
]
sdist = { url = "https://files.pythonhosted.org/packages/89/a9/ebf3d233893752ca282d91c88103facf6d7d05ce22978829e4e0cbc4113d/freezegun-1.2.1.tar.gz", hash = "sha256:b4c64efb275e6bc68dc6e771b17ffe0ff0f90b81a2a5189043550b6519926ba4", size = 29740, upload-time = "2022-03-18T09:06:39.435Z" }
wheels = [
    { url = "https://files.pythonhosted.org/packages/d2/cf/cb14c48cad1366bd08d5f5482b3d7ea0696b6d38a2764752d331fa8bbd22/freezegun-1.2.1-py3-none-any.whl", hash = "sha256:15103a67dfa868ad809a8f508146e396be2995172d25f927e48ce51c0bf5cb09", size = 16843, upload-time = "2022-03-18T09:06:37.473Z" },
]

[[package]]
name = "idna"
version = "3.16"
source = { registry = "https://pypi.org/simple" }
sdist = { url = "https://files.pythonhosted.org/packages/1a/88/bcf9709822fe69d02c2a6a77956c98ce6ea8ca8767a9aadcedc7eb6a2390/idna-3.16.tar.gz", hash = "sha256:d7a6da03db833450fca25d2358ac9ff06cd624577a4aea3a596d5c0f77b8e03d", size = 203770, upload-time = "2026-05-22T00:16:18.781Z" }
wheels = [
    { url = "https://files.pythonhosted.org/packages/94/16/70255075a9859a0e3adb789b68ceb0e210dec03934245fd98d248226572f/idna-3.16-py3-none-any.whl", hash = "sha256:cc246e3a3f89580c3a951b5ad298ca4638078b2cdd4f115654332b5c26daded5", size = 74165, upload-time = "2026-05-22T00:16:16.698Z" },
]

[[package]]
name = "iniconfig"
version = "2.3.0"
source = { registry = "https://pypi.org/simple" }
sdist = { url = "https://files.pythonhosted.org/packages/72/34/14ca021ce8e5dfedc35312d08ba8bf51fdd999c576889fc2c24cb97f4f10/iniconfig-2.3.0.tar.gz", hash = "sha256:c76315c77db068650d49c5b56314774a7804df16fee4402c1f19d6d15d8c4730", size = 20503, upload-time = "2025-10-18T21:55:43.219Z" }
wheels = [
    { url = "https://files.pythonhosted.org/packages/cb/b1/3846dd7f199d53cb17f49cba7e651e9ce294d8497c8c150530ed11865bb8/iniconfig-2.3.0-py3-none-any.whl", hash = "sha256:f631c04d2c48c52b84d0d0549c99ff3859c98df65b3101406327ecc7d53fbf12", size = 7484, upload-time = "2025-10-18T21:55:41.639Z" },
]

[[package]]
name = "keboola-component"
version = "1.6.8"
source = { registry = "https://pypi.org/simple" }
dependencies = [
    { name = "deprecated" },
    { name = "pygelf" },
    { name = "pytz" },
]
sdist = { url = "https://files.pythonhosted.org/packages/69/9b/7a1f314a14a19b9ee03b685e3ed6f1ee85fa8ca37e12de4ca5fb2b3070b3/keboola.component-1.6.8.tar.gz", hash = "sha256:a50c0b0b2ba7d0c283f17d36a80a73a49822f87c971aaf3446542cd47837107a", size = 47108, upload-time = "2024-08-13T10:09:34.842Z" }
wheels = [
    { url = "https://files.pythonhosted.org/packages/bf/d3/f7152d85ecfb8c20f559b47bb07525a2de8d8d812b09a6bc686fdd10eca0/keboola.component-1.6.8-py3-none-any.whl", hash = "sha256:b58332d5c96254d4728678e6841742a180135e5b0d01233b9aec02113eba4e54", size = 42101, upload-time = "2024-08-13T10:09:33.372Z" },
]

[[package]]
name = "mock"
version = "4.0.3"
source = { registry = "https://pypi.org/simple" }
sdist = { url = "https://files.pythonhosted.org/packages/e2/be/3ea39a8fd4ed3f9a25aae18a1bff2df7a610bca93c8ede7475e32d8b73a0/mock-4.0.3.tar.gz", hash = "sha256:7d3fbbde18228f4ff2f1f119a45cdffa458b4c0dee32eb4d2bb2f82554bac7bc", size = 72316, upload-time = "2020-12-10T07:33:13.043Z" }
wheels = [
    { url = "https://files.pythonhosted.org/packages/5c/03/b7e605db4a57c0f6fba744b11ef3ddf4ddebcada35022927a2b5fc623fdf/mock-4.0.3-py3-none-any.whl", hash = "sha256:122fcb64ee37cfad5b3f48d7a7d51875d7031aaf3d8be7c42e2bee25044eee62", size = 28536, upload-time = "2020-12-10T07:33:11.564Z" },
]

[[package]]
name = "packaging"
version = "26.2"
source = { registry = "https://pypi.org/simple" }
sdist = { url = "https://files.pythonhosted.org/packages/d7/f1/e7a6dd94a8d4a5626c03e4e99c87f241ba9e350cd9e6d75123f992427270/packaging-26.2.tar.gz", hash = "sha256:ff452ff5a3e828ce110190feff1178bb1f2ea2281fa2075aadb987c2fb221661", size = 228134, upload-time = "2026-04-24T20:15:23.917Z" }
wheels = [
    { url = "https://files.pythonhosted.org/packages/df/b2/87e62e8c3e2f4b32e5fe99e0b86d576da1312593b39f47d8ceef365e95ed/packaging-26.2-py3-none-any.whl", hash = "sha256:5fc45236b9446107ff2415ce77c807cee2862cb6fac22b8a73826d0693b0980e", size = 100195, upload-time = "2026-04-24T20:15:22.081Z" },
]

[[package]]
name = "pluggy"
version = "1.6.0"
source = { registry = "https://pypi.org/simple" }
sdist = { url = "https://files.pythonhosted.org/packages/f9/e2/3e91f31a7d2b083fe6ef3fa267035b518369d9511ffab804f839851d2779/pluggy-1.6.0.tar.gz", hash = "sha256:7dcc130b76258d33b90f61b658791dede3486c3e6bfb003ee5c9bfb396dd22f3", size = 69412, upload-time = "2025-05-15T12:30:07.975Z" }
wheels = [
    { url = "https://files.pythonhosted.org/packages/54/20/4d324d65cc6d9205fabedc306948156824eb9f0ee1633355a8f7ec5c66bf/pluggy-1.6.0-py3-none-any.whl", hash = "sha256:e920276dd6813095e9377c0bc5566d94c932c33b27a3e3945d8389c374dd4746", size = 20538, upload-time = "2025-05-15T12:30:06.134Z" },
]

[[package]]
name = "pygelf"
version = "0.4.3"
source = { registry = "https://pypi.org/simple" }
sdist = { url = "https://files.pythonhosted.org/packages/49/91/ac1605bb40092ae41fbb833ee55447f72e19ce5459efa6bd3beecc67e971/pygelf-0.4.3.tar.gz", hash = "sha256:8ed972563be3c8f168483f01dbf522b6bc697959c97a3f4881324b3f79638911", size = 11017, upload-time = "2025-06-14T19:21:19.832Z" }
wheels = [
    { url = "https://files.pythonhosted.org/packages/d4/ee/ebac3de919431912e0be380fafd01059a091a489f6b5d7896c2a04548895/pygelf-0.4.3-py3-none-any.whl", hash = "sha256:0876c99a77f9f021834982c9808205b3239fabf5886788d701f31b495b65c8ae", size = 8750, upload-time = "2025-06-14T19:21:16.953Z" },
]

[[package]]
name = "pygments"
version = "2.20.0"
source = { registry = "https://pypi.org/simple" }
sdist = { url = "https://files.pythonhosted.org/packages/c3/b2/bc9c9196916376152d655522fdcebac55e66de6603a76a02bca1b6414f6c/pygments-2.20.0.tar.gz", hash = "sha256:6757cd03768053ff99f3039c1a36d6c0aa0b263438fcab17520b30a303a82b5f", size = 4955991, upload-time = "2026-03-29T13:29:33.898Z" }
wheels = [
    { url = "https://files.pythonhosted.org/packages/f4/7e/a72dd26f3b0f4f2bf1dd8923c85f7ceb43172af56d63c7383eb62b332364/pygments-2.20.0-py3-none-any.whl", hash = "sha256:81a9e26dd42fd28a23a2d169d86d7ac03b46e2f8b59ed4698fb4785f946d0176", size = 1231151, upload-time = "2026-03-29T13:29:30.038Z" },
]

[[package]]
name = "pytest"
version = "9.0.3"
source = { registry = "https://pypi.org/simple" }
dependencies = [
    { name = "colorama", marker = "sys_platform == 'win32'" },
    { name = "iniconfig" },
    { name = "packaging" },
    { name = "pluggy" },
    { name = "pygments" },
]
sdist = { url = "https://files.pythonhosted.org/packages/7d/0d/549bd94f1a0a402dc8cf64563a117c0f3765662e2e668477624baeec44d5/pytest-9.0.3.tar.gz", hash = "sha256:b86ada508af81d19edeb213c681b1d48246c1a91d304c6c81a427674c17eb91c", size = 1572165, upload-time = "2026-04-07T17:16:18.027Z" }
wheels = [
    { url = "https://files.pythonhosted.org/packages/d4/24/a372aaf5c9b7208e7112038812994107bc65a84cd00e0354a88c2c77a617/pytest-9.0.3-py3-none-any.whl", hash = "sha256:2c5efc453d45394fdd706ade797c0a81091eccd1d6e4bccfcd476e2b8e0ab5d9", size = 375249, upload-time = "2026-04-07T17:16:16.13Z" },
]

[[package]]
name = "python-dateutil"
version = "2.9.0.post0"
source = { registry = "https://pypi.org/simple" }
dependencies = [
    { name = "six" },
]
sdist = { url = "https://files.pythonhosted.org/packages/66/c0/0c8b6ad9f17a802ee498c46e004a0eb49bc148f2fd230864601a86dcf6db/python-dateutil-2.9.0.post0.tar.gz", hash = "sha256:37dd54208da7e1cd875388217d5e00ebd4179249f90fb72437e91a35459a0ad3", size = 342432, upload-time = "2024-03-01T18:36:20.211Z" }
wheels = [
    { url = "https://files.pythonhosted.org/packages/ec/57/56b9bcc3c9c6a792fcbaf139543cee77261f3651ca9da0c93f5c1221264b/python_dateutil-2.9.0.post0-py2.py3-none-any.whl", hash = "sha256:a8b2bc7bffae282281c8140a97d3aa9c14da0b136dfe83f850eea9a5f7470427", size = 229892, upload-time = "2024-03-01T18:36:18.57Z" },
]

[[package]]
name = "pytz"
version = "2026.2"
source = { registry = "https://pypi.org/simple" }
sdist = { url = "https://files.pythonhosted.org/packages/ff/46/dd499ec9038423421951e4fad73051febaa13d2df82b4064f87af8b8c0c3/pytz-2026.2.tar.gz", hash = "sha256:0e60b47b29f21574376f218fe21abc009894a2321ea16c6754f3cad6eb7cdd6a", size = 320861, upload-time = "2026-05-04T01:35:29.667Z" }
wheels = [
    { url = "https://files.pythonhosted.org/packages/ec/dd/96da98f892250475bdf2328112d7468abdd4acc7b902b6af23f4ed958ea0/pytz-2026.2-py2.py3-none-any.whl", hash = "sha256:04156e608bee23d3792fd45c94ae47fae1036688e75032eea2e3bf0323d1f126", size = 510141, upload-time = "2026-05-04T01:35:27.408Z" },
]

[[package]]
name = "requests"
version = "2.28.1"
source = { registry = "https://pypi.org/simple" }
dependencies = [
    { name = "certifi" },
    { name = "charset-normalizer" },
    { name = "idna" },
    { name = "urllib3" },
]
sdist = { url = "https://files.pythonhosted.org/packages/a5/61/a867851fd5ab77277495a8709ddda0861b28163c4613b011bc00228cc724/requests-2.28.1.tar.gz", hash = "sha256:7c5599b102feddaa661c826c56ab4fee28bfd17f5abca1ebbe3e7f19d7c97983", size = 109805, upload-time = "2022-06-29T15:13:42.715Z" }
wheels = [
    { url = "https://files.pythonhosted.org/packages/ca/91/6d9b8ccacd0412c08820f72cebaa4f0c0441b5cda699c90f618b6f8a1b42/requests-2.28.1-py3-none-any.whl", hash = "sha256:8fefa2a1a1365bf5520aac41836fbee479da67864514bdb821f31ce07ce65349", size = 62843, upload-time = "2022-06-29T15:13:40.685Z" },
]

[[package]]
name = "six"
version = "1.17.0"
source = { registry = "https://pypi.org/simple" }
sdist = { url = "https://files.pythonhosted.org/packages/94/e7/b2c673351809dca68a0e064b6af791aa332cf192da575fd474ed7d6f16a2/six-1.17.0.tar.gz", hash = "sha256:ff70335d468e7eb6ec65b95b99d3a2836546063f63acc5171de367e834932a81", size = 34031, upload-time = "2024-12-04T17:35:28.174Z" }
wheels = [
    { url = "https://files.pythonhosted.org/packages/b7/ce/149a00dd41f10bc29e5921b496af8b574d8413afcd5e30dfa0ed46c2cc5e/six-1.17.0-py2.py3-none-any.whl", hash = "sha256:4721f391ed90541fddacab5acf947aa0d3dc7d27b2e1e8eda2be8970586c3274", size = 11050, upload-time = "2024-12-04T17:35:26.475Z" },
]

[[package]]
name = "urllib3"
version = "1.26.11"
source = { registry = "https://pypi.org/simple" }
sdist = { url = "https://files.pythonhosted.org/packages/6d/d5/e8258b334c9eb8eb78e31be92ea0d5da83ddd9385dc967dd92737604d239/urllib3-1.26.11.tar.gz", hash = "sha256:ea6e8fb210b19d950fab93b60c9009226c63a28808bc8386e05301e25883ac0a", size = 299255, upload-time = "2022-07-25T13:02:23.766Z" }
wheels = [
    { url = "https://files.pythonhosted.org/packages/d1/cb/4783c8f1a90f89e260dbf72ebbcf25931f3a28f8f80e2e90f8a589941b19/urllib3-1.26.11-py2.py3-none-any.whl", hash = "sha256:c33ccba33c819596124764c23a97d25f32b28433ba0dedeb77d873a38722c9bc", size = 139901, upload-time = "2022-07-25T13:02:21.294Z" },
]

[[package]]
name = "wr-hubspot"
version = "0.1.0"
source = { virtual = "." }
dependencies = [
    { name = "keboola-component" },
    { name = "requests" },
    { name = "urllib3" },
]

[package.dev-dependencies]
dev = [
    { name = "freezegun" },
    { name = "mock" },
    { name = "pytest" },
]

[package.metadata]
requires-dist = [
    { name = "keboola-component", specifier = "==1.6.8" },
    { name = "requests", specifier = "==2.28.1" },
    { name = "urllib3", specifier = "==1.26.11" },
]

[package.metadata.requires-dev]
dev = [
    { name = "freezegun", specifier = "==1.2.1" },
    { name = "mock", specifier = "==4.0.3" },
    { name = "pytest", specifier = ">=9.0.3" },
]

[[package]]
name = "wrapt"
version = "2.2.1"
source = { registry = "https://pypi.org/simple" }
sdist = { url = "https://files.pythonhosted.org/packages/2d/9f/06263fcd8ad6c405f05a3905fd7a84dd3176eb5ad46e44bccc0cd16348bb/wrapt-2.2.1.tar.gz", hash = "sha256:6744f504375775d7609c82c8d3d94af1c9a6f05586984536905908ba905277b9", size = 127620, upload-time = "2026-05-22T14:49:43.056Z" }
wheels = [
    { url = "https://files.pythonhosted.org/packages/88/d1/a1b08f8f4fac8cbb156fa51cf64ee2c7f7f74f9875ba3cf70b3c58368694/wrapt-2.2.1-cp313-cp313-macosx_10_13_x86_64.whl", hash = "sha256:d2beb1c7cab10603aecdc42f8edd6ff013f9a32e4543474e38e6b77ce9975aeb", size = 80831, upload-time = "2026-05-22T14:48:15.598Z" },
    { url = "https://files.pythonhosted.org/packages/54/ce/57890814991446a845e09b3445ce8b694f27eb0577004f2c2a36a9772ed4/wrapt-2.2.1-cp313-cp313-macosx_11_0_arm64.whl", hash = "sha256:e0cb7e4dd71f4c32e5e84843cd3c4cd65dda034314004bbe1d7f99af2426ab80", size = 81375, upload-time = "2026-05-22T14:48:17.071Z" },
    { url = "https://files.pythonhosted.org/packages/38/65/08d7a6c76ac4493bdb668205ee9c1de1bd5daca61717c3e9aa49b4c01499/wrapt-2.2.1-cp313-cp313-manylinux1_x86_64.manylinux_2_28_x86_64.manylinux_2_5_x86_64.whl", hash = "sha256:95821352042722cd9f1108874579a47989d0a7e12a37d87d2fc4af20fd99ab8a", size = 167417, upload-time = "2026-05-22T14:48:18.303Z" },
    { url = "https://files.pythonhosted.org/packages/62/ce/f1ccbee7a1bfe5cdc6b3da6bab4b45713d628b9294da32a39f563d648140/wrapt-2.2.1-cp313-cp313-manylinux2014_aarch64.manylinux_2_17_aarch64.manylinux_2_28_aarch64.whl", hash = "sha256:abd621552ede77c4c69be7fac44ba911225b0c812b6ba604e5964cf98085b474", size = 166948, upload-time = "2026-05-22T14:48:19.768Z" },
    { url = "https://files.pythonhosted.org/packages/86/2a/f85d48d1cd4869aee6704028d257d740a47c1c467b457ce396b4b5b55d07/wrapt-2.2.1-cp313-cp313-manylinux_2_31_riscv64.manylinux_2_39_riscv64.whl", hash = "sha256:e3677c7146ce694874941ba82b57092cc4875445aadf29d72807351023105143", size = 158148, upload-time = "2026-05-22T14:48:21.96Z" },
    { url = "https://files.pythonhosted.org/packages/fe/5c/93939ad11d4a12358ab1aab219a2ef5efa5612e0db6b9fc65af8af1a891b/wrapt-2.2.1-cp313-cp313-musllinux_1_2_aarch64.whl", hash = "sha256:9a5934eaea872e17936b5f45501eba5ab0bce9a74122e172b663d7c28c459c4a", size = 165905, upload-time = "2026-05-22T14:48:23.373Z" },
    { url = "https://files.pythonhosted.org/packages/e0/22/b8c2aa89862ff58605934d7abf4b70e6a5a1c33df96656f49035ccdf1c8a/wrapt-2.2.1-cp313-cp313-musllinux_1_2_riscv64.whl", hash = "sha256:f5b9daf6b629fce418e0cc3dd0436eac045188fa35deadb7a7f3941d5b8203f9", size = 156712, upload-time = "2026-05-22T14:48:24.767Z" },
    { url = "https://files.pythonhosted.org/packages/5d/78/bf00a7b02239c12bb02ddcc3c0b971bfcc36e578c5a44f1ccfef5b458545/wrapt-2.2.1-cp313-cp313-musllinux_1_2_x86_64.whl", hash = "sha256:f53ac9f3ef573326d009ed809beff4efcac6451931c2b8132586da4b9e53ff31", size = 166560, upload-time = "2026-05-22T14:48:26.83Z" },
    { url = "https://files.pythonhosted.org/packages/fe/93/6390ca9c5b787683cef588d04f57c8d41b9a2323b5597a65f18638c90ef2/wrapt-2.2.1-cp313-cp313-win32.whl", hash = "sha256:1ffa9cfd4bdb581539951b14ae661ff20ed0c3599b3e911a131ee0ec5ac11337", size = 77817, upload-time = "2026-05-22T14:48:28.221Z" },
    { url = "https://files.pythonhosted.org/packages/97/73/ce10f0e71c0cfaa1a65faadb8efd4852028b3bb9ba28932b8889df769d38/wrapt-2.2.1-cp313-cp313-win_amd64.whl", hash = "sha256:368eac1e20fd0bb03dd3cc42bf9887154c3861b60989389ccb5fac032617d215", size = 80736, upload-time = "2026-05-22T14:48:30.139Z" },
    { url = "https://files.pythonhosted.org/packages/c7/4c/89f4a6818fafbbd840330e4fa3873073e1bfc166133a64cac7f8fde7a5e3/wrapt-2.2.1-cp313-cp313-win_arm64.whl", hash = "sha256:c754dafdf5aaf0b401b644a90a30046929a0dd1a536e0ff0ec959a59155d9c7f", size = 79099, upload-time = "2026-05-22T14:48:31.405Z" },
    { url = "https://files.pythonhosted.org/packages/bf/f2/9a8741c46f8c208ac0a45b25ba170bcb4fb72a2781d5fb97dbd7b6be73cb/wrapt-2.2.1-cp313-cp313t-macosx_10_13_x86_64.whl", hash = "sha256:ed928d0fda15fc0adc8d13305c8b3c0f2fba5b0669950c9e6d019d9162a3b3e8", size = 82802, upload-time = "2026-05-22T14:48:33.307Z" },
    { url = "https://files.pythonhosted.org/packages/9c/0d/e9c855716a3705eef1416456bdf062b60620726fdc59428ff670fc3c60dc/wrapt-2.2.1-cp313-cp313t-macosx_11_0_arm64.whl", hash = "sha256:fafb4e739e43544d12cb4abd1605fd4683b6ca6a9ad682b7fd8f4d21973eafa8", size = 83329, upload-time = "2026-05-22T14:48:34.593Z" },
    { url = "https://files.pythonhosted.org/packages/3b/d6/a88f1c13112b7831adac75cea65d8310e0d696d570c8961844c90a57b865/wrapt-2.2.1-cp313-cp313t-manylinux1_x86_64.manylinux_2_28_x86_64.manylinux_2_5_x86_64.whl", hash = "sha256:74d6a0c31472fe5d814917266b9f46495d7c61ed890af08b468acea92fb89a8d", size = 202937, upload-time = "2026-05-22T14:48:35.859Z" },
    { url = "https://files.pythonhosted.org/packages/42/65/e29d54aef06a4d898a5b8a25589a0b3769bde454f922fad8f6f89fbfb650/wrapt-2.2.1-cp313-cp313t-manylinux2014_aarch64.manylinux_2_17_aarch64.manylinux_2_28_aarch64.whl", hash = "sha256:ab5be648d5a0b86b7438864f8df3c705a65cef35a2fd3e5561e3e203167e0f27", size = 209997, upload-time = "2026-05-22T14:48:38.153Z" },
    { url = "https://files.pythonhosted.org/packages/2a/91/e4454263516cf0e12640912fbca9a83654e424f0a6ddb79f5cd7ce14bf33/wrapt-2.2.1-cp313-cp313t-manylinux_2_31_riscv64.manylinux_2_39_riscv64.whl", hash = "sha256:9d8f204c8e3a8bf9ece17e0a83d137fd807440977f8a5e762d59306795011440", size = 194856, upload-time = "2026-05-22T14:48:39.69Z" },
    { url = "https://files.pythonhosted.org/packages/de/d0/fe0ee202286afdf4a7f77dd29f195703145764d572aec209c5086e57d924/wrapt-2.2.1-cp313-cp313t-musllinux_1_2_aarch64.whl", hash = "sha256:d047f6498c973874ba08ac3f97c69a2c4b2211c8de6f4c205f75cb1c9522596e", size = 205654, upload-time = "2026-05-22T14:48:43.456Z" },
    { url = "https://files.pythonhosted.org/packages/23/b6/87d860dfc6460c246af70b1fd5c8b76df77571b42a493459423ded94fd7d/wrapt-2.2.1-cp313-cp313t-musllinux_1_2_riscv64.whl", hash = "sha256:7a4fdb9326aab4a5a477a1640e5ad786a8495901009d7e7b038371edd23a9d2b", size = 192206, upload-time = "2026-05-22T14:48:44.858Z" },
    { url = "https://files.pythonhosted.org/packages/df/46/3eea8cde077d985f239a38c0257087b8064fd9ee9b1a99e282d2c86da4ef/wrapt-2.2.1-cp313-cp313t-musllinux_1_2_x86_64.whl", hash = "sha256:c8cc5094b08abeae52da9c73c8a32003623be691a5193df2f4e3eac3d557c394", size = 198428, upload-time = "2026-05-22T14:48:46.319Z" },
    { url = "https://files.pythonhosted.org/packages/18/dc/b927ee9c7fc67adc3a5658f246a0d275425eb840ba36e7b702e70f18bde8/wrapt-2.2.1-cp313-cp313t-win32.whl", hash = "sha256:9907a4402ab6db12b7077a0ea5d7a4d028ecb22c8eee2b53527080d347cd1562", size = 79448, upload-time = "2026-05-22T14:48:47.901Z" },
    { url = "https://files.pythonhosted.org/packages/ec/b3/fd30b473fe498c70e6b9a5f328b8d3fbaf1b8c3c481465f59724bba8eb70/wrapt-2.2.1-cp313-cp313t-win_amd64.whl", hash = "sha256:5590d63f5243251641cf543009b4c9314a79d0598fdb8a8e4cfc918494536c53", size = 83021, upload-time = "2026-05-22T14:48:49.201Z" },
    { url = "https://files.pythonhosted.org/packages/ee/f3/96c39153a8737a6e9aa85adef254ac4195bea3f2d24efc60472ccc3c9e2e/wrapt-2.2.1-cp313-cp313t-win_arm64.whl", hash = "sha256:c318a64b53d97b841d7b5e637517e50a27be64bc695128422953d4b21710954e", size = 80295, upload-time = "2026-05-22T14:48:50.479Z" },
    { url = "https://files.pythonhosted.org/packages/53/46/29ac9daf11a86c22a8c38cd9236c62928ccae83f7ceb06bd3b0467cf9d05/wrapt-2.2.1-py3-none-any.whl", hash = "sha256:3aafea2975caef8ca49400640dde02cc7426e798f24870ed01f490bc3cffd32f", size = 61000, upload-time = "2026-05-22T14:49:41.593Z" },
]
